// !$*UTF8*$!
{
	archiveVersion = 1;
	classes = {
	};
	objectVersion = 56;
	objects = {

/* Begin PBXBuildFile section */
		236BA362A8468E04BEAAC100 /* Pods_Sticker_Maker.framework in Frameworks */ = {isa = PBXBuildFile; fileRef = 22DB56D2EEBE34E40CF9D35D /* Pods_Sticker_Maker.framework */; };
		6D29B63E2A56B51F00A6156D /* stickerTableViewCell.swift in Sources */ = {isa = PBXBuildFile; fileRef = 6D29B63D2A56B51F00A6156D /* stickerTableViewCell.swift */; };
		6D8840D82A46D79500D0C26E /* AppDelegate.swift in Sources */ = {isa = PBXBuildFile; fileRef = 6D8840D72A46D79500D0C26E /* AppDelegate.swift */; };
		6D8840DA2A46D79500D0C26E /* SceneDelegate.swift in Sources */ = {isa = PBXBuildFile; fileRef = 6D8840D92A46D79500D0C26E /* SceneDelegate.swift */; };
		6D8840DC2A46D79500D0C26E /* ViewController.swift in Sources */ = {isa = PBXBuildFile; fileRef = 6D8840DB2A46D79500D0C26E /* ViewController.swift */; };
		6D8840DF2A46D79500D0C26E /* Main.storyboard in Resources */ = {isa = PBXBuildFile; fileRef = 6D8840DD2A46D79500D0C26E /* Main.storyboard */; };
		6D8840E12A46D79500D0C26E /* Assets.xcassets in Resources */ = {isa = PBXBuildFile; fileRef = 6D8840E02A46D79500D0C26E /* Assets.xcassets */; };
		6D8840E42A46D79500D0C26E /* LaunchScreen.storyboard in Resources */ = {isa = PBXBuildFile; fileRef = 6D8840E22A46D79500D0C26E /* LaunchScreen.storyboard */; };
		6D990A082A5463980087DBDB /* Model.swift in Sources */ = {isa = PBXBuildFile; fileRef = 6D990A072A5463980087DBDB /* Model.swift */; };
		6DF3FAA82A555FC000F388DB /* DataParseModel.swift in Sources */ = {isa = PBXBuildFile; fileRef = 6DF3FAA72A555FC000F388DB /* DataParseModel.swift */; };
/* End PBXBuildFile section */

/* Begin PBXFileReference section */
		22DB56D2EEBE34E40CF9D35D /* Pods_Sticker_Maker.framework */ = {isa = PBXFileReference; explicitFileType = wrapper.framework; includeInIndex = 0; path = Pods_Sticker_Maker.framework; sourceTree = BUILT_PRODUCTS_DIR; };
		6D29B63D2A56B51F00A6156D /* stickerTableViewCell.swift */ = {isa = PBXFileReference; lastKnownFileType = sourcecode.swift; path = stickerTableViewCell.swift; sourceTree = "<group>"; };
		6D8840D42A46D79500D0C26E /* Sticker-Maker.app */ = {isa = PBXFileReference; explicitFileType = wrapper.application; includeInIndex = 0; path = "Sticker-Maker.app"; sourceTree = BUILT_PRODUCTS_DIR; };
		6D8840D72A46D79500D0C26E /* AppDelegate.swift */ = {isa = PBXFileReference; lastKnownFileType = sourcecode.swift; path = AppDelegate.swift; sourceTree = "<group>"; };
		6D8840D92A46D79500D0C26E /* SceneDelegate.swift */ = {isa = PBXFileReference; lastKnownFileType = sourcecode.swift; path = SceneDelegate.swift; sourceTree = "<group>"; };
		6D8840DB2A46D79500D0C26E /* ViewController.swift */ = {isa = PBXFileReference; lastKnownFileType = sourcecode.swift; path = ViewController.swift; sourceTree = "<group>"; };
		6D8840DE2A46D79500D0C26E /* Base */ = {isa = PBXFileReference; lastKnownFileType = file.storyboard; name = Base; path = Base.lproj/Main.storyboard; sourceTree = "<group>"; };
		6D8840E02A46D79500D0C26E /* Assets.xcassets */ = {isa = PBXFileReference; lastKnownFileType = folder.assetcatalog; path = Assets.xcassets; sourceTree = "<group>"; };
		6D8840E32A46D79500D0C26E /* Base */ = {isa = PBXFileReference; lastKnownFileType = file.storyboard; name = Base; path = Base.lproj/LaunchScreen.storyboard; sourceTree = "<group>"; };
		6D8840E52A46D79500D0C26E /* Info.plist */ = {isa = PBXFileReference; lastKnownFileType = text.plist.xml; path = Info.plist; sourceTree = "<group>"; };
		6D990A072A5463980087DBDB /* Model.swift */ = {isa = PBXFileReference; lastKnownFileType = sourcecode.swift; path = Model.swift; sourceTree = "<group>"; };
		6DF3FAA72A555FC000F388DB /* DataParseModel.swift */ = {isa = PBXFileReference; lastKnownFileType = sourcecode.swift; path = DataParseModel.swift; sourceTree = "<group>"; };
		8C7491B508FA4331134BA3E5 /* Pods-Sticker-Maker.debug.xcconfig */ = {isa = PBXFileReference; includeInIndex = 1; lastKnownFileType = text.xcconfig; name = "Pods-Sticker-Maker.debug.xcconfig"; path = "Target Support Files/Pods-Sticker-Maker/Pods-Sticker-Maker.debug.xcconfig"; sourceTree = "<group>"; };
		A32D78A3E7B5B73E987719B8 /* Pods-Sticker-Maker.release.xcconfig */ = {isa = PBXFileReference; includeInIndex = 1; lastKnownFileType = text.xcconfig; name = "Pods-Sticker-Maker.release.xcconfig"; path = "Target Support Files/Pods-Sticker-Maker/Pods-Sticker-Maker.release.xcconfig"; sourceTree = "<group>"; };
/* End PBXFileReference section */

/* Begin PBXFrameworksBuildPhase section */
		6D8840D12A46D79500D0C26E /* Frameworks */ = {
			isa = PBXFrameworksBuildPhase;
			buildActionMask = 2147483647;
			files = (
				236BA362A8468E04BEAAC100 /* Pods_Sticker_Maker.framework in Frameworks */,
			);
			runOnlyForDeploymentPostprocessing = 0;
		};
/* End PBXFrameworksBuildPhase section */

/* Begin PBXGroup section */
		6D8840CB2A46D79500D0C26E = {
			isa = PBXGroup;
			children = (
				6D8840D62A46D79500D0C26E /* Sticker-Maker */,
				6D8840D52A46D79500D0C26E /* Products */,
				7B4BB713F937079809B24623 /* Pods */,
				94E98DC1DC158459925C9A78 /* Frameworks */,
			);
			sourceTree = "<group>";
		};
		6D8840D52A46D79500D0C26E /* Products */ = {
			isa = PBXGroup;
			children = (
				6D8840D42A46D79500D0C26E /* Sticker-Maker.app */,
			);
			name = Products;
			sourceTree = "<group>";
		};
		6D8840D62A46D79500D0C26E /* Sticker-Maker */ = {
			isa = PBXGroup;
			children = (
				6D8840D72A46D79500D0C26E /* AppDelegate.swift */,
				6D8840D92A46D79500D0C26E /* SceneDelegate.swift */,
				6D8840DB2A46D79500D0C26E /* ViewController.swift */,
				6D8840DD2A46D79500D0C26E /* Main.storyboard */,
				6D8840E02A46D79500D0C26E /* Assets.xcassets */,
				6D8840E22A46D79500D0C26E /* LaunchScreen.storyboard */,
				6D8840E52A46D79500D0C26E /* Info.plist */,
				6D990A072A5463980087DBDB /* Model.swift */,
				6DF3FAA72A555FC000F388DB /* DataParseModel.swift */,
				6D29B63D2A56B51F00A6156D /* stickerTableViewCell.swift */,
			);
			path = "Sticker-Maker";
			sourceTree = "<group>";
		};
		7B4BB713F937079809B24623 /* Pods */ = {
			isa = PBXGroup;
			children = (
				8C7491B508FA4331134BA3E5 /* Pods-Sticker-Maker.debug.xcconfig */,
				A32D78A3E7B5B73E987719B8 /* Pods-Sticker-Maker.release.xcconfig */,
			);
			path = Pods;
			sourceTree = "<group>";
		};
		94E98DC1DC158459925C9A78 /* Frameworks */ = {
			isa = PBXGroup;
			children = (
				22DB56D2EEBE34E40CF9D35D /* Pods_Sticker_Maker.framework */,
			);
			name = Frameworks;
			sourceTree = "<group>";
		};
/* End PBXGroup section */

/* Begin PBXNativeTarget section */
		6D8840D32A46D79500D0C26E /* Sticker-Maker */ = {
			isa = PBXNativeTarget;
			buildConfigurationList = 6D8840E82A46D79500D0C26E /* Build configuration list for PBXNativeTarget "Sticker-Maker" */;
			buildPhases = (
				523ABFB96DD63ABA8889ADDC /* [CP] Check Pods Manifest.lock */,
				6D8840D02A46D79500D0C26E /* Sources */,
				6D8840D12A46D79500D0C26E /* Frameworks */,
				6D8840D22A46D79500D0C26E /* Resources */,
				037146E4BCE172CF3CBF1A79 /* [CP] Embed Pods Frameworks */,
			);
			buildRules = (
			);
			dependencies = (
			);
			name = "Sticker-Maker";
			productName = "Sticker-Maker";
			productReference = 6D8840D42A46D79500D0C26E /* Sticker-Maker.app */;
			productType = "com.apple.product-type.application";
		};
/* End PBXNativeTarget section */

/* Begin PBXProject section */
		6D8840CC2A46D79500D0C26E /* Project object */ = {
			isa = PBXProject;
			attributes = {
				BuildIndependentTargetsInParallel = 1;
				LastSwiftUpdateCheck = 1430;
				LastUpgradeCheck = 1430;
				TargetAttributes = {
					6D8840D32A46D79500D0C26E = {
						CreatedOnToolsVersion = 14.3;
					};
				};
			};
			buildConfigurationList = 6D8840CF2A46D79500D0C26E /* Build configuration list for PBXProject "Sticker-Maker" */;
			compatibilityVersion = "Xcode 14.0";
			developmentRegion = en;
			hasScannedForEncodings = 0;
			knownRegions = (
				en,
				Base,
			);
			mainGroup = 6D8840CB2A46D79500D0C26E;
			productRefGroup = 6D8840D52A46D79500D0C26E /* Products */;
			projectDirPath = "";
			projectRoot = "";
			targets = (
				6D8840D32A46D79500D0C26E /* Sticker-Maker */,
			);
		};
/* End PBXProject section */

/* Begin PBXResourcesBuildPhase section */
		6D8840D22A46D79500D0C26E /* Resources */ = {
			isa = PBXResourcesBuildPhase;
			buildActionMask = 2147483647;
			files = (
				6D8840E42A46D79500D0C26E /* LaunchScreen.storyboard in Resources */,
				6D8840E12A46D79500D0C26E /* Assets.xcassets in Resources */,
				6D8840DF2A46D79500D0C26E /* Main.storyboard in Resources */,
			);
			runOnlyForDeploymentPostprocessing = 0;
		};
/* End PBXResourcesBuildPhase section */

/* Begin PBXShellScriptBuildPhase section */
		037146E4BCE172CF3CBF1A79 /* [CP] Embed Pods Frameworks */ = {
			isa = PBXShellScriptBuildPhase;
			buildActionMask = 2147483647;
			files = (
			);
			inputFileListPaths = (
				"${PODS_ROOT}/Target Support Files/Pods-Sticker-Maker/Pods-Sticker-Maker-frameworks-${CONFIGURATION}-input-files.xcfilelist",
			);
			name = "[CP] Embed Pods Frameworks";
			outputFileListPaths = (
				"${PODS_ROOT}/Target Support Files/Pods-Sticker-Maker/Pods-Sticker-Maker-frameworks-${CONFIGURATION}-output-files.xcfilelist",
			);
			runOnlyForDeploymentPostprocessing = 0;
			shellPath = /bin/sh;
			shellScript = "\"${PODS_ROOT}/Target Support Files/Pods-Sticker-Maker/Pods-Sticker-Maker-frameworks.sh\"\n";
			showEnvVarsInLog = 0;
		};
		523ABFB96DD63ABA8889ADDC /* [CP] Check Pods Manifest.lock */ = {
			isa = PBXShellScriptBuildPhase;
			buildActionMask = 2147483647;
			files = (
			);
			inputFileListPaths = (
			);
			inputPaths = (
				"${PODS_PODFILE_DIR_PATH}/Podfile.lock",
				"${PODS_ROOT}/Manifest.lock",
			);
			name = "[CP] Check Pods Manifest.lock";
			outputFileListPaths = (
			);
			outputPaths = (
				"$(DERIVED_FILE_DIR)/Pods-Sticker-Maker-checkManifestLockResult.txt",
			);
			runOnlyForDeploymentPostprocessing = 0;
			shellPath = /bin/sh;
			shellScript = "diff \"${PODS_PODFILE_DIR_PATH}/Podfile.lock\" \"${PODS_ROOT}/Manifest.lock\" > /dev/null\nif [ $? != 0 ] ; then\n    # print error to STDERR\n    echo \"error: The sandbox is not in sync with the Podfile.lock. Run 'pod install' or update your CocoaPods installation.\" >&2\n    exit 1\nfi\n# This output is used by Xcode 'outputs' to avoid re-running this script phase.\necho \"SUCCESS\" > \"${SCRIPT_OUTPUT_FILE_0}\"\n";
			showEnvVarsInLog = 0;
		};
/* End PBXShellScriptBuildPhase section */

/* Begin PBXSourcesBuildPhase section */
		6D8840D02A46D79500D0C26E /* Sources */ = {
			isa = PBXSourcesBuildPhase;
			buildActionMask = 2147483647;
			files = (
				6D8840DC2A46D79500D0C26E /* ViewController.swift in Sources */,
				6DF3FAA82A555FC000F388DB /* DataParseModel.swift in Sources */,
				6D8840D82A46D79500D0C26E /* AppDelegate.swift in Sources */,
				6D29B63E2A56B51F00A6156D /* stickerTableViewCell.swift in Sources */,
				6D8840DA2A46D79500D0C26E /* SceneDelegate.swift in Sources */,
				6D990A082A5463980087DBDB /* Model.swift in Sources */,
			);
			runOnlyForDeploymentPostprocessing = 0;
		};
/* End PBXSourcesBuildPhase section */

/* Begin PBXVariantGroup section */
		6D8840DD2A46D79500D0C26E /* Main.storyboard */ = {
			isa = PBXVariantGroup;
			children = (
				6D8840DE2A46D79500D0C26E /* Base */,
			);
			name = Main.storyboard;
			sourceTree = "<group>";
		};
		6D8840E22A46D79500D0C26E /* LaunchScreen.storyboard */ = {
			isa = PBXVariantGroup;
			children = (
				6D8840E32A46D79500D0C26E /* Base */,
			);
			name = LaunchScreen.storyboard;
			sourceTree = "<group>";
		};
/* End PBXVariantGroup section */

/* Begin XCBuildConfiguration section */
		6D8840E62A46D79500D0C26E /* Debug */ = {
			isa = XCBuildConfiguration;
			buildSettings = {
				ALWAYS_SEARCH_USER_PATHS = NO;
				CLANG_ANALYZER_NONNULL = YES;
				CLANG_ANALYZER_NUMBER_OBJECT_CONVERSION = YES_AGGRESSIVE;
				CLANG_CXX_LANGUAGE_STANDARD = "gnu++20";
				CLANG_ENABLE_MODULES = YES;
				CLANG_ENABLE_OBJC_ARC = YES;
				CLANG_ENABLE_OBJC_WEAK = YES;
				CLANG_WARN_BLOCK_CAPTURE_AUTORELEASING = YES;
				CLANG_WARN_BOOL_CONVERSION = YES;
				CLANG_WARN_COMMA = YES;
				CLANG_WARN_CONSTANT_CONVERSION = YES;
				CLANG_WARN_DEPRECATED_OBJC_IMPLEMENTATIONS = YES;
				CLANG_WARN_DIRECT_OBJC_ISA_USAGE = YES_ERROR;
				CLANG_WARN_DOCUMENTATION_COMMENTS = YES;
				CLANG_WARN_EMPTY_BODY = YES;
				CLANG_WARN_ENUM_CONVERSION = YES;
				CLANG_WARN_INFINITE_RECURSION = YES;
				CLANG_WARN_INT_CONVERSION = YES;
				CLANG_WARN_NON_LITERAL_NULL_CONVERSION = YES;
				CLANG_WARN_OBJC_IMPLICIT_RETAIN_SELF = YES;
				CLANG_WARN_OBJC_LITERAL_CONVERSION = YES;
				CLANG_WARN_OBJC_ROOT_CLASS = YES_ERROR;
				CLANG_WARN_QUOTED_INCLUDE_IN_FRAMEWORK_HEADER = YES;
				CLANG_WARN_RANGE_LOOP_ANALYSIS = YES;
				CLANG_WARN_STRICT_PROTOTYPES = YES;
				CLANG_WARN_SUSPICIOUS_MOVE = YES;
				CLANG_WARN_UNGUARDED_AVAILABILITY = YES_AGGRESSIVE;
				CLANG_WARN_UNREACHABLE_CODE = YES;
				CLANG_WARN__DUPLICATE_METHOD_MATCH = YES;
				COPY_PHASE_STRIP = NO;
				DEBUG_INFORMATION_FORMAT = dwarf;
				ENABLE_STRICT_OBJC_MSGSEND = YES;
				ENABLE_TESTABILITY = YES;
				GCC_C_LANGUAGE_STANDARD = gnu11;
				GCC_DYNAMIC_NO_PIC = NO;
				GCC_NO_COMMON_BLOCKS = YES;
				GCC_OPTIMIZATION_LEVEL = 0;
				GCC_PREPROCESSOR_DEFINITIONS = (
					"DEBUG=1",
					"$(inherited)",
				);
				GCC_WARN_64_TO_32_BIT_CONVERSION = YES;
				GCC_WARN_ABOUT_RETURN_TYPE = YES_ERROR;
				GCC_WARN_UNDECLARED_SELECTOR = YES;
				GCC_WARN_UNINITIALIZED_AUTOS = YES_AGGRESSIVE;
				GCC_WARN_UNUSED_FUNCTION = YES;
				GCC_WARN_UNUSED_VARIABLE = YES;
				IPHONEOS_DEPLOYMENT_TARGET = 16.4;
				MTL_ENABLE_DEBUG_INFO = INCLUDE_SOURCE;
				MTL_FAST_MATH = YES;
				ONLY_ACTIVE_ARCH = YES;
				SDKROOT = iphoneos;
				SWIFT_ACTIVE_COMPILATION_CONDITIONS = DEBUG;
				SWIFT_OPTIMIZATION_LEVEL = "-Onone";
			};
			name = Debug;
		};
		6D8840E72A46D79500D0C26E /* Release */ = {
			isa = XCBuildConfiguration;
			buildSettings = {
				ALWAYS_SEARCH_USER_PATHS = NO;
				CLANG_ANALYZER_NONNULL = YES;
				CLANG_ANALYZER_NUMBER_OBJECT_CONVERSION = YES_AGGRESSIVE;
				CLANG_CXX_LANGUAGE_STANDARD = "gnu++20";
				CLANG_ENABLE_MODULES = YES;
				CLANG_ENABLE_OBJC_ARC = YES;
				CLANG_ENABLE_OBJC_WEAK = YES;
				CLANG_WARN_BLOCK_CAPTURE_AUTORELEASING = YES;
				CLANG_WARN_BOOL_CONVERSION = YES;
				CLANG_WARN_COMMA = YES;
				CLANG_WARN_CONSTANT_CONVERSION = YES;
				CLANG_WARN_DEPRECATED_OBJC_IMPLEMENTATIONS = YES;
				CLANG_WARN_DIRECT_OBJC_ISA_USAGE = YES_ERROR;
				CLANG_WARN_DOCUMENTATION_COMMENTS = YES;
				CLANG_WARN_EMPTY_BODY = YES;
				CLANG_WARN_ENUM_CONVERSION = YES;
				CLANG_WARN_INFINITE_RECURSION = YES;
				CLANG_WARN_INT_CONVERSION = YES;
				CLANG_WARN_NON_LITERAL_NULL_CONVERSION = YES;
				CLANG_WARN_OBJC_IMPLICIT_RETAIN_SELF = YES;
				CLANG_WARN_OBJC_LITERAL_CONVERSION = YES;
				CLANG_WARN_OBJC_ROOT_CLASS = YES_ERROR;
				CLANG_WARN_QUOTED_INCLUDE_IN_FRAMEWORK_HEADER = YES;
				CLANG_WARN_RANGE_LOOP_ANALYSIS = YES;
				CLANG_WARN_STRICT_PROTOTYPES = YES;
				CLANG_WARN_SUSPICIOUS_MOVE = YES;
				CLANG_WARN_UNGUARDED_AVAILABILITY = YES_AGGRESSIVE;
				CLANG_WARN_UNREACHABLE_CODE = YES;
				CLANG_WARN__DUPLICATE_METHOD_MATCH = YES;
				COPY_PHASE_STRIP = NO;
				DEBUG_INFORMATION_FORMAT = "dwarf-with-dsym";
				ENABLE_NS_ASSERTIONS = NO;
				ENABLE_STRICT_OBJC_MSGSEND = YES;
				GCC_C_LANGUAGE_STANDARD = gnu11;
				GCC_NO_COMMON_BLOCKS = YES;
				GCC_WARN_64_TO_32_BIT_CONVERSION = YES;
				GCC_WARN_ABOUT_RETURN_TYPE = YES_ERROR;
				GCC_WARN_UNDECLARED_SELECTOR = YES;
				GCC_WARN_UNINITIALIZED_AUTOS = YES_AGGRESSIVE;
				GCC_WARN_UNUSED_FUNCTION = YES;
				GCC_WARN_UNUSED_VARIABLE = YES;
				IPHONEOS_DEPLOYMENT_TARGET = 16.4;
				MTL_ENABLE_DEBUG_INFO = NO;
				MTL_FAST_MATH = YES;
				SDKROOT = iphoneos;
				SWIFT_COMPILATION_MODE = wholemodule;
				SWIFT_OPTIMIZATION_LEVEL = "-O";
				VALIDATE_PRODUCT = YES;
			};
			name = Release;
		};
		6D8840E92A46D79500D0C26E /* Debug */ = {
			isa = XCBuildConfiguration;
			baseConfigurationReference = 8C7491B508FA4331134BA3E5 /* Pods-Sticker-Maker.debug.xcconfig */;
			buildSettings = {
				ASSETCATALOG_COMPILER_APPICON_NAME = AppIcon;
				ASSETCATALOG_COMPILER_GLOBAL_ACCENT_COLOR_NAME = AccentColor;
				CODE_SIGN_STYLE = Automatic;
				CURRENT_PROJECT_VERSION = 1;
				DEVELOPMENT_TEAM = GZNYCRZ9L2;
				GENERATE_INFOPLIST_FILE = YES;
				INFOPLIST_FILE = "Sticker-Maker/Info.plist";
				INFOPLIST_KEY_UIApplicationSupportsIndirectInputEvents = YES;
				INFOPLIST_KEY_UILaunchStoryboardName = LaunchScreen;
				INFOPLIST_KEY_UIMainStoryboardFile = Main;
				INFOPLIST_KEY_UISupportedInterfaceOrientations_iPad = "UIInterfaceOrientationPortrait UIInterfaceOrientationPortraitUpsideDown UIInterfaceOrientationLandscapeLeft UIInterfaceOrientationLandscapeRight";
				INFOPLIST_KEY_UISupportedInterfaceOrientations_iPhone = "UIInterfaceOrientationPortrait UIInterfaceOrientationLandscapeLeft UIInterfaceOrientationLandscapeRight";
				LD_RUNPATH_SEARCH_PATHS = (
					"$(inherited)",
					"@executable_path/Frameworks",
				);
				MARKETING_VERSION = 1.0;
				PRODUCT_BUNDLE_IDENTIFIER = "com.braincraft.Sticker-Maker";
				PRODUCT_NAME = "$(TARGET_NAME)";
				SWIFT_EMIT_LOC_STRINGS = YES;
				SWIFT_VERSION = 5.0;
				TARGETED_DEVICE_FAMILY = "1,2";
			};
			name = Debug;
		};
		6D8840EA2A46D79500D0C26E /* Release */ = {
			isa = XCBuildConfiguration;
			baseConfigurationReference = A32D78A3E7B5B73E987719B8 /* Pods-Sticker-Maker.release.xcconfig */;
			buildSettings = {
				ASSETCATALOG_COMPILER_APPICON_NAME = AppIcon;
				ASSETCATALOG_COMPILER_GLOBAL_ACCENT_COLOR_NAME = AccentColor;
				CODE_SIGN_STYLE = Automatic;
				CURRENT_PROJECT_VERSION = 1;
				DEVELOPMENT_TEAM = GZNYCRZ9L2;
				GENERATE_INFOPLIST_FILE = YES;
				INFOPLIST_FILE = "Sticker-Maker/Info.plist";
				INFOPLIST_KEY_UIApplicationSupportsIndirectInputEvents = YES;
				INFOPLIST_KEY_UILaunchStoryboardName = LaunchScreen;
				INFOPLIST_KEY_UIMainStoryboardFile = Main;
				INFOPLIST_KEY_UISupportedInterfaceOrientations_iPad = "UIInterfaceOrientationPortrait UIInterfaceOrientationPortraitUpsideDown UIInterfaceOrientationLandscapeLeft UIInterfaceOrientationLandscapeRight";
				INFOPLIST_KEY_UISupportedInterfaceOrientations_iPhone = "UIInterfaceOrientationPortrait UIInterfaceOrientationLandscapeLeft UIInterfaceOrientationLandscapeRight";
				LD_RUNPATH_SEARCH_PATHS = (
					"$(inherited)",
					"@executable_path/Frameworks",
				);
				MARKETING_VERSION = 1.0;
				PRODUCT_BUNDLE_IDENTIFIER = "com.braincraft.Sticker-Maker";
				PRODUCT_NAME = "$(TARGET_NAME)";
				SWIFT_EMIT_LOC_STRINGS = YES;
				SWIFT_VERSION = 5.0;
				TARGETED_DEVICE_FAMILY = "1,2";
			};
			name = Release;
		};
/* End XCBuildConfiguration section */

/* Begin XCConfigurationList section */
		6D8840CF2A46D79500D0C26E /* Build configuration list for PBXProject "Sticker-Maker" */ = {
			isa = XCConfigurationList;
			buildConfigurations = (
				6D8840E62A46D79500D0C26E /* Debug */,
				6D8840E72A46D79500D0C26E /* Release */,
			);
			defaultConfigurationIsVisible = 0;
			defaultConfigurationName = Release;
		};
		6D8840E82A46D79500D0C26E /* Build configuration list for PBXNativeTarget "Sticker-Maker" */ = {
			isa = XCConfigurationList;
			buildConfigurations = (
				6D8840E92A46D79500D0C26E /* Debug */,
				6D8840EA2A46D79500D0C26E /* Release */,
			);
			defaultConfigurationIsVisible = 0;
			defaultConfigurationName = Release;
		};
/* End XCConfigurationList section */
	};
	rootObject = 6D8840CC2A46D79500D0C26E /* Project object */;
}
